{
  "name": "gl-react-expo",
  "version": "3.17.0",
  "lockfileVersion": 1,
  "requires": true,
  "dependencies": {
    "webgltexture-loader": {
      "version": "1.0.0",
      "resolved": "https://registry.npmjs.org/webgltexture-loader/-/webgltexture-loader-1.0.0.tgz",
      "integrity": "sha512-TbQUdr0Bc3tcJ4pKIFoM9dKyLdYNf9Uxq05oZuIT+2e/vCcfaQS+WjNmW1FwYqaBrzcLr9CA/HBAmvyaS/REGw=="
    },
    "webgltexture-loader-expo": {
      "version": "1.0.0",
      "resolved": "https://registry.npmjs.org/webgltexture-loader-expo/-/webgltexture-loader-expo-1.0.0.tgz",
      "integrity": "sha512-o0slPnFkZ1CfGNQKmaxfbDeA7RGJp6nvHzEM3kdnO9FgdtbMk0P8ZQueoNQrE9f6V+macLc37CE8bTZfEq+yUw==",
      "requires": {
        "webgltexture-loader": "^1.0.0"
      }
    }
  }
}
